
Microsoft Visual Studio Solution File, Format Version 12.00
# Visual Studio 15
VisualStudioVersion = 15.0.28307.489
MinimumVisualStudioVersion = 10.0.40219.1
Project("{FAE04EC0-301F-11D3-BF4B-00C04F79EFBC}") = "InstantTemplates", "src\InstantTemplates.csproj", "{C9B6815C-A55D-4E21-A633-76F3CC6257B8}"
EndProject
Global
	GlobalSection(SolutionConfigurationPlatforms) = preSolution
		Debug|Any CPU = Debug|Any CPU
		Release|Any CPU = Release|Any CPU
	EndGlobalSection
	GlobalSection(ProjectConfigurationPlatforms) = postSolution
		{C9B6815C-A55D-4E21-A633-76F3CC6257B8}.Debug|Any CPU.ActiveCfg = Debug|Any CPU
		{C9B6815C-A55D-4E21-A633-76F3CC6257B8}.Debug|Any CPU.Build.0 = Debug|Any CPU
		{C9B6815C-A55D-4E21-A633-76F3CC6257B8}.Release|Any CPU.ActiveCfg = Release|Any CPU
		{C9B6815C-A55D-4E21-A633-76F3CC6257B8}.Release|Any CPU.Build.0 = Release|Any CPU
	EndGlobalSection
	GlobalSection(SolutionProperties) = preSolution
		HideSolutionNode = FALSE
	EndGlobalSection
	GlobalSection(ExtensibilityGlobals) = postSolution
		SolutionGuid = {21C1E642-6136-4151-AD45-62F3458C4A7F}
	EndGlobalSection
EndGlobal
