
Microsoft Visual Studio Solution File, Format Version 12.00
# Visual Studio Version 17
VisualStudioVersion = 17.3.32811.315
MinimumVisualStudioVersion = 10.0.40219.1
Project("{9A19103F-16F7-4668-BE54-9A1E7A4F7556}") = "InstantTemplates", "src\InstantTemplates.csproj", "{C9B6815C-A55D-4E21-A633-76F3CC6257B8}"
EndProject
Project("{9A19103F-16F7-4668-BE54-9A1E7A4F7556}") = "samples", "samples\samples.csproj", "{438B5537-F97F-4598-A1C3-993207E38C4F}"
EndProject
Global
	GlobalSection(SolutionConfigurationPlatforms) = preSolution
		Debug|Any CPU = Debug|Any CPU
		Release|Any CPU = Release|Any CPU
	EndGlobalSection
	GlobalSection(ProjectConfigurationPlatforms) = postSolution
		{C9B6815C-A55D-4E21-A633-76F3CC6257B8}.Debug|Any CPU.ActiveCfg = Debug|Any CPU
		{C9B6815C-A55D-4E21-A633-76F3CC6257B8}.Debug|Any CPU.Build.0 = Debug|Any CPU
		{C9B6815C-A55D-4E21-A633-76F3CC6257B8}.Release|Any CPU.ActiveCfg = Release|Any CPU
		{C9B6815C-A55D-4E21-A633-76F3CC6257B8}.Release|Any CPU.Build.0 = Release|Any CPU
		{438B5537-F97F-4598-A1C3-993207E38C4F}.Debug|Any CPU.ActiveCfg = Debug|Any CPU
		{438B5537-F97F-4598-A1C3-993207E38C4F}.Debug|Any CPU.Build.0 = Debug|Any CPU
		{438B5537-F97F-4598-A1C3-993207E38C4F}.Release|Any CPU.ActiveCfg = Release|Any CPU
		{438B5537-F97F-4598-A1C3-993207E38C4F}.Release|Any CPU.Build.0 = Release|Any CPU
	EndGlobalSection
	GlobalSection(SolutionProperties) = preSolution
		HideSolutionNode = FALSE
	EndGlobalSection
	GlobalSection(ExtensibilityGlobals) = postSolution
		SolutionGuid = {21C1E642-6136-4151-AD45-62F3458C4A7F}
	EndGlobalSection
EndGlobal
